# THIS IS AN AUTOGENERATED FILE. DO NOT EDIT THIS FILE DIRECTLY.
# yarn lockfile v1


nodemailer@^6.9.7:
  version "6.9.7"
  resolved "https://registry.yarnpkg.com/nodemailer/-/nodemailer-6.9.7.tgz#ec2f488f62ba1558e7b19239b62778df4a5c4397"
  integrity sha512-rUtR77ksqex/eZRLmQ21LKVH5nAAsVicAtAYudK7JgwenEDZ0UIQ1adUGqErz7sMkWYxWTTU1aeP2Jga6WQyJw==
